
Microsoft Visual Studio Solution File, Format Version 12.00
# Visual Studio Version 16
VisualStudioVersion = 16.0.31624.102
MinimumVisualStudioVersion = 10.0.40219.1
Project("{9A19103F-16F7-4668-BE54-9A1E7A4F7556}") = "LibraryManager.API", "LibraryManager.API\LibraryManager.API.csproj", "{DB7DE6B5-DF4A-40D9-9F6E-6B388D35DD5B}"
EndProject
Project("{9A19103F-16F7-4668-BE54-9A1E7A4F7556}") = "LibraryManager.BusinessLogic", "LibraryManager.BusinessLogic\LibraryManager.BusinessLogic.csproj", "{7A2FA288-DA8D-4066-BB1E-C4A76F08B65F}"
EndProject
Project("{9A19103F-16F7-4668-BE54-9A1E7A4F7556}") = "LibraryManager.DataAccess", "LibraryManager.DataAccess\LibraryManager.DataAccess.csproj", "{85DF5C5B-59A7-4079-AA0B-0CC2F0323C00}"
EndProject
Project("{2150E333-8FDC-42A3-9474-1A3956D46DE8}") = "Solution Items", "Solution Items", "{D03D3B57-1F8E-45BA-A177-12D01902F55A}"
	ProjectSection(SolutionItems) = preProject
		.gitattributes = .gitattributes
		.gitignore = .gitignore
	EndProjectSection
EndProject
Global
	GlobalSection(SolutionConfigurationPlatforms) = preSolution
		Debug|Any CPU = Debug|Any CPU
		Release|Any CPU = Release|Any CPU
	EndGlobalSection
	GlobalSection(ProjectConfigurationPlatforms) = postSolution
		{DB7DE6B5-DF4A-40D9-9F6E-6B388D35DD5B}.Debug|Any CPU.ActiveCfg = Debug|Any CPU
		{DB7DE6B5-DF4A-40D9-9F6E-6B388D35DD5B}.Debug|Any CPU.Build.0 = Debug|Any CPU
		{DB7DE6B5-DF4A-40D9-9F6E-6B388D35DD5B}.Release|Any CPU.ActiveCfg = Release|Any CPU
		{DB7DE6B5-DF4A-40D9-9F6E-6B388D35DD5B}.Release|Any CPU.Build.0 = Release|Any CPU
		{7A2FA288-DA8D-4066-BB1E-C4A76F08B65F}.Debug|Any CPU.ActiveCfg = Debug|Any CPU
		{7A2FA288-DA8D-4066-BB1E-C4A76F08B65F}.Debug|Any CPU.Build.0 = Debug|Any CPU
		{7A2FA288-DA8D-4066-BB1E-C4A76F08B65F}.Release|Any CPU.ActiveCfg = Release|Any CPU
		{7A2FA288-DA8D-4066-BB1E-C4A76F08B65F}.Release|Any CPU.Build.0 = Release|Any CPU
		{85DF5C5B-59A7-4079-AA0B-0CC2F0323C00}.Debug|Any CPU.ActiveCfg = Debug|Any CPU
		{85DF5C5B-59A7-4079-AA0B-0CC2F0323C00}.Debug|Any CPU.Build.0 = Debug|Any CPU
		{85DF5C5B-59A7-4079-AA0B-0CC2F0323C00}.Release|Any CPU.ActiveCfg = Release|Any CPU
		{85DF5C5B-59A7-4079-AA0B-0CC2F0323C00}.Release|Any CPU.Build.0 = Release|Any CPU
	EndGlobalSection
	GlobalSection(SolutionProperties) = preSolution
		HideSolutionNode = FALSE
	EndGlobalSection
	GlobalSection(ExtensibilityGlobals) = postSolution
		SolutionGuid = {90E6F059-3676-4345-B8F3-E9B90B1D5C73}
	EndGlobalSection
EndGlobal
